
Microsoft Visual Studio Solution File, Format Version 12.00
# Visual Studio Version 17
VisualStudioVersion = 17.5.33516.290
MinimumVisualStudioVersion = 10.0.40219.1
Project("{FAE04EC0-301F-11D3-BF4B-00C04F79EFBC}") = "ОбработкаИзображений2", "ОбработкаИзображений2\ОбработкаИзображений2.csproj", "{C8195F31-3A09-4E5B-BC38-1E926C6FA9CF}"
EndProject
Global
	GlobalSection(SolutionConfigurationPlatforms) = preSolution
		Debug|Any CPU = Debug|Any CPU
		Release|Any CPU = Release|Any CPU
	EndGlobalSection
	GlobalSection(ProjectConfigurationPlatforms) = postSolution
		{C8195F31-3A09-4E5B-BC38-1E926C6FA9CF}.Debug|Any CPU.ActiveCfg = Debug|Any CPU
		{C8195F31-3A09-4E5B-BC38-1E926C6FA9CF}.Debug|Any CPU.Build.0 = Debug|Any CPU
		{C8195F31-3A09-4E5B-BC38-1E926C6FA9CF}.Release|Any CPU.ActiveCfg = Release|Any CPU
		{C8195F31-3A09-4E5B-BC38-1E926C6FA9CF}.Release|Any CPU.Build.0 = Release|Any CPU
	EndGlobalSection
	GlobalSection(SolutionProperties) = preSolution
		HideSolutionNode = FALSE
	EndGlobalSection
	GlobalSection(ExtensibilityGlobals) = postSolution
		SolutionGuid = {FB6B7BB0-E5B1-4F7A-9AA2-B6D5E1F291A0}
	EndGlobalSection
EndGlobal
